<?xml version="1.0" encoding="utf-8"?>
<Project ToolsVersion="4.0" xmlns="http://schemas.microsoft.com/developer/msbuild/2003">
  <ItemGroup>
    <Filter Include="Data">
      <UniqueIdentifier>{d26ccb9b-447c-47bf-b0bd-e4c93eb9b466}</UniqueIdentifier>
    </Filter>
    <Filter Include="Kernel Code">
      <UniqueIdentifier>{9d488562-5a6b-4073-a25a-d599944cd523}</UniqueIdentifier>
    </Filter>
    <Filter Include="Kernel Code\Shared">
      <UniqueIdentifier>{cfa2896d-8aff-4000-8616-a32704317fe6}</UniqueIdentifier>
    </Filter>
    <Filter Include="Platform">
      <UniqueIdentifier>{8acdba73-c568-40c7-9ea6-0974e9a426e9}</UniqueIdentifier>
    </Filter>
    <Filter Include="External">
      <UniqueIdentifier>{f3ef049b-66f6-4cbd-bd6f-a386c23406d8}</UniqueIdentifier>
    </Filter>
    <Filter Include="External\TinyXML">
      <UniqueIdentifier>{8ba3922b-ed19-4e8c-8658-a32a40f2213f}</UniqueIdentifier>
    </Filter>
    <Filter Include="Game">
      <UniqueIdentifier>{7d7c441d-7c61-447c-b0fc-c1eeb78d0c55}</UniqueIdentifier>
    </Filter>
    <Filter Include="DataSchemas">
      <UniqueIdentifier>{a47ab293-b2d6-45c8-8395-8480b5fe99d0}</UniqueIdentifier>
    </Filter>
    <Filter Include="DataSchemas\Schemas">
      <UniqueIdentifier>{ef61275e-54e5-4db2-9abb-8a90b2358bc8}</UniqueIdentifier>
    </Filter>
  </ItemGroup>
  <ItemGroup>
    <ClInclude Include="External\tinyxml\tinyxml2.h">
      <Filter>External\TinyXML</Filter>
    </ClInclude>
    <ClInclude Include="KernelCode\Shared\SCamera.h">
      <Filter>Kernel Code\Shared</Filter>
    </ClInclude>
    <ClInclude Include="KernelCode\Shared\SharedGeometry.h">
      <Filter>Kernel Code\Shared</Filter>
    </ClInclude>
    <ClInclude Include="Platform\CDirectx.h">
      <Filter>Platform</Filter>
    </ClInclude>
    <ClInclude Include="Platform\oclUtils.h">
      <Filter>Platform</Filter>
    </ClInclude>
    <ClInclude Include="Platform\float3.h">
      <Filter>Platform</Filter>
    </ClInclude>
    <ClInclude Include="Platform\SharedArray.h">
      <Filter>Platform</Filter>
    </ClInclude>
    <ClInclude Include="Game\CCamera.h">
      <Filter>Game</Filter>
    </ClInclude>
    <ClInclude Include="Game\CWorld.h">
      <Filter>Game</Filter>
    </ClInclude>
    <ClInclude Include="DataSchemas\DataSchemasXML.h">
      <Filter>DataSchemas</Filter>
    </ClInclude>
    <ClInclude Include="DataSchemas\DataSchemas.h">
      <Filter>DataSchemas</Filter>
    </ClInclude>
    <ClInclude Include="DataSchemas\DataSchemasStructs.h">
      <Filter>DataSchemas</Filter>
    </ClInclude>
    <ClInclude Include="Game\CGame.h">
      <Filter>Game</Filter>
    </ClInclude>
    <ClInclude Include="Game\CInput.h">
      <Filter>Game</Filter>
    </ClInclude>
    <ClInclude Include="Platform\Assert.h">
      <Filter>Platform</Filter>
    </ClInclude>
    <ClInclude Include="Game\CPlayer.h">
      <Filter>Game</Filter>
    </ClInclude>
    <ClInclude Include="KernelCode\Shared\SSharedDataRoot.h">
      <Filter>Kernel Code\Shared</Filter>
    </ClInclude>
    <ClInclude Include="KernelCode\Shared\SWorld.h">
      <Filter>Kernel Code\Shared</Filter>
    </ClInclude>
    <ClInclude Include="Platform\SharedObject.h">
      <Filter>Platform</Filter>
    </ClInclude>
    <ClInclude Include="Platform\CTextureManager.h">
      <Filter>Platform</Filter>
    </ClInclude>
    <ClInclude Include="Platform\STexture2D.h">
      <Filter>Platform</Filter>
    </ClInclude>
    <ClInclude Include="KernelCode\Shared\SharedTypes.h">
      <Filter>Kernel Code\Shared</Filter>
    </ClInclude>
    <ClInclude Include="DataSchemas\Schemas\DataSchemas_World.h">
      <Filter>DataSchemas\Schemas</Filter>
    </ClInclude>
    <ClInclude Include="DataSchemas\Schemas\DataSchemas_GfxSettings.h">
      <Filter>DataSchemas\Schemas</Filter>
    </ClInclude>
    <ClInclude Include="DataSchemas\Schemas\DataSchemas_GameData.h">
      <Filter>DataSchemas\Schemas</Filter>
    </ClInclude>
  </ItemGroup>
  <ItemGroup>
    <ClCompile Include="External\tinyxml\tinyxml2.cpp">
      <Filter>External\TinyXML</Filter>
    </ClCompile>
    <ClCompile Include="Platform\CDirectx.cpp">
      <Filter>Platform</Filter>
    </ClCompile>
    <ClCompile Include="Platform\oclUtils.cpp">
      <Filter>Platform</Filter>
    </ClCompile>
    <ClCompile Include="Game\CCamera.cpp">
      <Filter>Game</Filter>
    </ClCompile>
    <ClCompile Include="Game\CWorld.cpp">
      <Filter>Game</Filter>
    </ClCompile>
    <ClCompile Include="DataSchemas\DataSchemasStructs.cpp">
      <Filter>DataSchemas</Filter>
    </ClCompile>
    <ClCompile Include="Game\CGame.cpp">
      <Filter>Game</Filter>
    </ClCompile>
    <ClCompile Include="Game\CInput.cpp">
      <Filter>Game</Filter>
    </ClCompile>
    <ClCompile Include="Game\CPlayer.cpp">
      <Filter>Game</Filter>
    </ClCompile>
    <ClCompile Include="KernelCode\Shared\SSharedDataRoot.cpp">
      <Filter>Kernel Code\Shared</Filter>
    </ClCompile>
    <ClCompile Include="Platform\CTextureManager.cpp">
      <Filter>Platform</Filter>
    </ClCompile>
  </ItemGroup>
  <ItemGroup>
    <Text Include="Todo.txt" />
    <Text Include="CLNotes.txt" />
  </ItemGroup>
  <ItemGroup>
    <Xml Include="Data\default.xml">
      <Filter>Data</Filter>
    </Xml>
    <Xml Include="Data\simple.xml">
      <Filter>Data</Filter>
    </Xml>
    <Xml Include="Data\basictexturing.xml">
      <Filter>Data</Filter>
    </Xml>
    <Xml Include="Data\showroom.xml">
      <Filter>Data</Filter>
    </Xml>
    <Xml Include="Data\FPSLevel.xml">
      <Filter>Data</Filter>
    </Xml>
    <Xml Include="Data\GfxSettings.xml">
      <Filter>Data</Filter>
    </Xml>
    <Xml Include="Data\GameData.xml">
      <Filter>Data</Filter>
    </Xml>
  </ItemGroup>
  <ItemGroup>
    <None Include="KernelCode\clrt.cl">
      <Filter>Kernel Code</Filter>
    </None>
  </ItemGroup>
</Project>